// !$*UTF8*$!
{
	archiveVersion = 1;
	classes = {
	};
	objectVersion = 48;
	objects = {

/* Begin PBXBuildFile section */
		651B29681F6EC1730085BCE3 /* AppDelegate.m in Sources */ = {isa = PBXBuildFile; fileRef = 651B29671F6EC1730085BCE3 /* AppDelegate.m */; };
		651B296E1F6EC1730085BCE3 /* Main.storyboard in Resources */ = {isa = PBXBuildFile; fileRef = 651B296C1F6EC1730085BCE3 /* Main.storyboard */; };
		651B29701F6EC1730085BCE3 /* Assets.xcassets in Resources */ = {isa = PBXBuildFile; fileRef = 651B296F1F6EC1730085BCE3 /* Assets.xcassets */; };
		651B29731F6EC1730085BCE3 /* LaunchScreen.storyboard in Resources */ = {isa = PBXBuildFile; fileRef = 651B29711F6EC1730085BCE3 /* LaunchScreen.storyboard */; };
		651B29761F6EC1730085BCE3 /* main.m in Sources */ = {isa = PBXBuildFile; fileRef = 651B29751F6EC1730085BCE3 /* main.m */; };
		658075301F6EDB62002408A5 /* XYPhotoCollectionFlowLayout.m in Sources */ = {isa = PBXBuildFile; fileRef = 658075051F6EDB62002408A5 /* XYPhotoCollectionFlowLayout.m */; };
		658075311F6EDB62002408A5 /* XYPhotoDataCategory.m in Sources */ = {isa = PBXBuildFile; fileRef = 658075071F6EDB62002408A5 /* XYPhotoDataCategory.m */; };
		658075321F6EDB62002408A5 /* XYPhotoKitHelper.m in Sources */ = {isa = PBXBuildFile; fileRef = 658075091F6EDB62002408A5 /* XYPhotoKitHelper.m */; };
		658075331F6EDB62002408A5 /* XYPhotoSelectedAssetManager.m in Sources */ = {isa = PBXBuildFile; fileRef = 6580750B1F6EDB62002408A5 /* XYPhotoSelectedAssetManager.m */; };
		658075341F6EDB62002408A5 /* XYPhotoKit.bundle in Resources */ = {isa = PBXBuildFile; fileRef = 6580750C1F6EDB62002408A5 /* XYPhotoKit.bundle */; };
		658075351F6EDB62002408A5 /* XYPhotoCollectionDataSource.m in Sources */ = {isa = PBXBuildFile; fileRef = 6580750F1F6EDB62002408A5 /* XYPhotoCollectionDataSource.m */; };
		658075361F6EDB62002408A5 /* XYPhotoTableDataSource.m in Sources */ = {isa = PBXBuildFile; fileRef = 658075111F6EDB62002408A5 /* XYPhotoTableDataSource.m */; };
		658075371F6EDB62002408A5 /* XYPhotoAlbumDetailController.m in Sources */ = {isa = PBXBuildFile; fileRef = 658075141F6EDB62002408A5 /* XYPhotoAlbumDetailController.m */; };
		658075381F6EDB62002408A5 /* XYPhotoAlbumListController.m in Sources */ = {isa = PBXBuildFile; fileRef = 658075161F6EDB62002408A5 /* XYPhotoAlbumListController.m */; };
		658075391F6EDB62002408A5 /* XYPhotoCameraController.m in Sources */ = {isa = PBXBuildFile; fileRef = 658075181F6EDB62002408A5 /* XYPhotoCameraController.m */; };
		6580753A1F6EDB62002408A5 /* XYPhotoMultiCameraPicker.m in Sources */ = {isa = PBXBuildFile; fileRef = 6580751A1F6EDB62002408A5 /* XYPhotoMultiCameraPicker.m */; };
		6580753B1F6EDB62002408A5 /* XYPhotoMultiImagePicker.m in Sources */ = {isa = PBXBuildFile; fileRef = 6580751C1F6EDB62002408A5 /* XYPhotoMultiImagePicker.m */; };
		6580753C1F6EDB62002408A5 /* XYPhotoPreviewViewController.m in Sources */ = {isa = PBXBuildFile; fileRef = 6580751E1F6EDB62002408A5 /* XYPhotoPreviewViewController.m */; };
		DBFD4E3923FFDAC000C1A472 /* RootViewController.m in Sources */ = {isa = PBXBuildFile; fileRef = DBFD4E3523FFDABF00C1A472 /* RootViewController.m */; };
		DBFD4E3A23FFDAC000C1A472 /* XYDemoCollectionViewCell.m in Sources */ = {isa = PBXBuildFile; fileRef = DBFD4E3723FFDABF00C1A472 /* XYDemoCollectionViewCell.m */; };
		DBFD4E4B23FFE51000C1A472 /* XYPhotoBottomPreviewCell.m in Sources */ = {isa = PBXBuildFile; fileRef = DBFD4E3C23FFE50F00C1A472 /* XYPhotoBottomPreviewCell.m */; };
		DBFD4E4C23FFE51000C1A472 /* XYPhotoPreviewOverlayView.m in Sources */ = {isa = PBXBuildFile; fileRef = DBFD4E4123FFE51000C1A472 /* XYPhotoPreviewOverlayView.m */; };
		DBFD4E4D23FFE51000C1A472 /* XYPhotoHorizontalScrollItemView.m in Sources */ = {isa = PBXBuildFile; fileRef = DBFD4E4323FFE51000C1A472 /* XYPhotoHorizontalScrollItemView.m */; };
		DBFD4E4E23FFE51000C1A472 /* XYPhotoCollectionViewCell.m in Sources */ = {isa = PBXBuildFile; fileRef = DBFD4E4423FFE51000C1A472 /* XYPhotoCollectionViewCell.m */; };
		DBFD4E4F23FFE51000C1A472 /* XYPhotoSelectedAssetPreviewView.m in Sources */ = {isa = PBXBuildFile; fileRef = DBFD4E4523FFE51000C1A472 /* XYPhotoSelectedAssetPreviewView.m */; };
		DBFD4E5023FFE51000C1A472 /* XYPhotoTableCell.m in Sources */ = {isa = PBXBuildFile; fileRef = DBFD4E4623FFE51000C1A472 /* XYPhotoTableCell.m */; };
		DBFD4E5123FFE51000C1A472 /* XYPhotoCameraOverlayView.m in Sources */ = {isa = PBXBuildFile; fileRef = DBFD4E4823FFE51000C1A472 /* XYPhotoCameraOverlayView.m */; };
		DBFD4E5223FFE51000C1A472 /* XYPhotoHorizontalScrollView.m in Sources */ = {isa = PBXBuildFile; fileRef = DBFD4E4A23FFE51000C1A472 /* XYPhotoHorizontalScrollView.m */; };
/* End PBXBuildFile section */

/* Begin PBXFileReference section */
		651B29631F6EC1730085BCE3 /* XYPhotoKitDemo.app */ = {isa = PBXFileReference; explicitFileType = wrapper.application; includeInIndex = 0; path = XYPhotoKitDemo.app; sourceTree = BUILT_PRODUCTS_DIR; };
		651B29661F6EC1730085BCE3 /* AppDelegate.h */ = {isa = PBXFileReference; lastKnownFileType = sourcecode.c.h; path = AppDelegate.h; sourceTree = "<group>"; };
		651B29671F6EC1730085BCE3 /* AppDelegate.m */ = {isa = PBXFileReference; lastKnownFileType = sourcecode.c.objc; path = AppDelegate.m; sourceTree = "<group>"; };
		651B296D1F6EC1730085BCE3 /* Base */ = {isa = PBXFileReference; lastKnownFileType = file.storyboard; name = Base; path = Base.lproj/Main.storyboard; sourceTree = "<group>"; };
		651B296F1F6EC1730085BCE3 /* Assets.xcassets */ = {isa = PBXFileReference; lastKnownFileType = folder.assetcatalog; path = Assets.xcassets; sourceTree = "<group>"; };
		651B29721F6EC1730085BCE3 /* Base */ = {isa = PBXFileReference; lastKnownFileType = file.storyboard; name = Base; path = Base.lproj/LaunchScreen.storyboard; sourceTree = "<group>"; };
		651B29741F6EC1730085BCE3 /* Info.plist */ = {isa = PBXFileReference; lastKnownFileType = text.plist.xml; path = Info.plist; sourceTree = "<group>"; };
		651B29751F6EC1730085BCE3 /* main.m */ = {isa = PBXFileReference; lastKnownFileType = sourcecode.c.objc; path = main.m; sourceTree = "<group>"; };
		658075041F6EDB62002408A5 /* XYPhotoCollectionFlowLayout.h */ = {isa = PBXFileReference; fileEncoding = 4; lastKnownFileType = sourcecode.c.h; path = XYPhotoCollectionFlowLayout.h; sourceTree = "<group>"; };
		658075051F6EDB62002408A5 /* XYPhotoCollectionFlowLayout.m */ = {isa = PBXFileReference; fileEncoding = 4; lastKnownFileType = sourcecode.c.objc; path = XYPhotoCollectionFlowLayout.m; sourceTree = "<group>"; };
		658075061F6EDB62002408A5 /* XYPhotoDataCategory.h */ = {isa = PBXFileReference; fileEncoding = 4; lastKnownFileType = sourcecode.c.h; path = XYPhotoDataCategory.h; sourceTree = "<group>"; };
		658075071F6EDB62002408A5 /* XYPhotoDataCategory.m */ = {isa = PBXFileReference; fileEncoding = 4; lastKnownFileType = sourcecode.c.objc; path = XYPhotoDataCategory.m; sourceTree = "<group>"; };
		658075081F6EDB62002408A5 /* XYPhotoKitHelper.h */ = {isa = PBXFileReference; fileEncoding = 4; lastKnownFileType = sourcecode.c.h; path = XYPhotoKitHelper.h; sourceTree = "<group>"; };
		658075091F6EDB62002408A5 /* XYPhotoKitHelper.m */ = {isa = PBXFileReference; fileEncoding = 4; lastKnownFileType = sourcecode.c.objc; path = XYPhotoKitHelper.m; sourceTree = "<group>"; };
		6580750A1F6EDB62002408A5 /* XYPhotoSelectedAssetManager.h */ = {isa = PBXFileReference; fileEncoding = 4; lastKnownFileType = sourcecode.c.h; path = XYPhotoSelectedAssetManager.h; sourceTree = "<group>"; };
		6580750B1F6EDB62002408A5 /* XYPhotoSelectedAssetManager.m */ = {isa = PBXFileReference; fileEncoding = 4; lastKnownFileType = sourcecode.c.objc; path = XYPhotoSelectedAssetManager.m; sourceTree = "<group>"; };
		6580750C1F6EDB62002408A5 /* XYPhotoKit.bundle */ = {isa = PBXFileReference; lastKnownFileType = "wrapper.plug-in"; path = XYPhotoKit.bundle; sourceTree = "<group>"; };
		6580750E1F6EDB62002408A5 /* XYPhotoCollectionDataSource.h */ = {isa = PBXFileReference; fileEncoding = 4; lastKnownFileType = sourcecode.c.h; path = XYPhotoCollectionDataSource.h; sourceTree = "<group>"; };
		6580750F1F6EDB62002408A5 /* XYPhotoCollectionDataSource.m */ = {isa = PBXFileReference; fileEncoding = 4; lastKnownFileType = sourcecode.c.objc; path = XYPhotoCollectionDataSource.m; sourceTree = "<group>"; };
		658075101F6EDB62002408A5 /* XYPhotoTableDataSource.h */ = {isa = PBXFileReference; fileEncoding = 4; lastKnownFileType = sourcecode.c.h; path = XYPhotoTableDataSource.h; sourceTree = "<group>"; };
		658075111F6EDB62002408A5 /* XYPhotoTableDataSource.m */ = {isa = PBXFileReference; fileEncoding = 4; lastKnownFileType = sourcecode.c.objc; path = XYPhotoTableDataSource.m; sourceTree = "<group>"; };
		658075131F6EDB62002408A5 /* XYPhotoAlbumDetailController.h */ = {isa = PBXFileReference; fileEncoding = 4; lastKnownFileType = sourcecode.c.h; path = XYPhotoAlbumDetailController.h; sourceTree = "<group>"; };
		658075141F6EDB62002408A5 /* XYPhotoAlbumDetailController.m */ = {isa = PBXFileReference; fileEncoding = 4; lastKnownFileType = sourcecode.c.objc; path = XYPhotoAlbumDetailController.m; sourceTree = "<group>"; };
		658075151F6EDB62002408A5 /* XYPhotoAlbumListController.h */ = {isa = PBXFileReference; fileEncoding = 4; lastKnownFileType = sourcecode.c.h; path = XYPhotoAlbumListController.h; sourceTree = "<group>"; };
		658075161F6EDB62002408A5 /* XYPhotoAlbumListController.m */ = {isa = PBXFileReference; fileEncoding = 4; lastKnownFileType = sourcecode.c.objc; path = XYPhotoAlbumListController.m; sourceTree = "<group>"; };
		658075171F6EDB62002408A5 /* XYPhotoCameraController.h */ = {isa = PBXFileReference; fileEncoding = 4; lastKnownFileType = sourcecode.c.h; path = XYPhotoCameraController.h; sourceTree = "<group>"; };
		658075181F6EDB62002408A5 /* XYPhotoCameraController.m */ = {isa = PBXFileReference; fileEncoding = 4; lastKnownFileType = sourcecode.c.objc; path = XYPhotoCameraController.m; sourceTree = "<group>"; };
		658075191F6EDB62002408A5 /* XYPhotoMultiCameraPicker.h */ = {isa = PBXFileReference; fileEncoding = 4; lastKnownFileType = sourcecode.c.h; path = XYPhotoMultiCameraPicker.h; sourceTree = "<group>"; };
		6580751A1F6EDB62002408A5 /* XYPhotoMultiCameraPicker.m */ = {isa = PBXFileReference; fileEncoding = 4; lastKnownFileType = sourcecode.c.objc; path = XYPhotoMultiCameraPicker.m; sourceTree = "<group>"; };
		6580751B1F6EDB62002408A5 /* XYPhotoMultiImagePicker.h */ = {isa = PBXFileReference; fileEncoding = 4; lastKnownFileType = sourcecode.c.h; path = XYPhotoMultiImagePicker.h; sourceTree = "<group>"; };
		6580751C1F6EDB62002408A5 /* XYPhotoMultiImagePicker.m */ = {isa = PBXFileReference; fileEncoding = 4; lastKnownFileType = sourcecode.c.objc; path = XYPhotoMultiImagePicker.m; sourceTree = "<group>"; };
		6580751D1F6EDB62002408A5 /* XYPhotoPreviewViewController.h */ = {isa = PBXFileReference; fileEncoding = 4; lastKnownFileType = sourcecode.c.h; path = XYPhotoPreviewViewController.h; sourceTree = "<group>"; };
		6580751E1F6EDB62002408A5 /* XYPhotoPreviewViewController.m */ = {isa = PBXFileReference; fileEncoding = 4; lastKnownFileType = sourcecode.c.objc; path = XYPhotoPreviewViewController.m; sourceTree = "<group>"; };
		DBFD4E3523FFDABF00C1A472 /* RootViewController.m */ = {isa = PBXFileReference; fileEncoding = 4; lastKnownFileType = sourcecode.c.objc; path = RootViewController.m; sourceTree = "<group>"; };
		DBFD4E3623FFDABF00C1A472 /* RootViewController.h */ = {isa = PBXFileReference; fileEncoding = 4; lastKnownFileType = sourcecode.c.h; path = RootViewController.h; sourceTree = "<group>"; };
		DBFD4E3723FFDABF00C1A472 /* XYDemoCollectionViewCell.m */ = {isa = PBXFileReference; fileEncoding = 4; lastKnownFileType = sourcecode.c.objc; path = XYDemoCollectionViewCell.m; sourceTree = "<group>"; };
		DBFD4E3823FFDAC000C1A472 /* XYDemoCollectionViewCell.h */ = {isa = PBXFileReference; fileEncoding = 4; lastKnownFileType = sourcecode.c.h; path = XYDemoCollectionViewCell.h; sourceTree = "<group>"; };
		DBFD4E3B23FFE50F00C1A472 /* XYPhotoTableCell.h */ = {isa = PBXFileReference; fileEncoding = 4; lastKnownFileType = sourcecode.c.h; path = XYPhotoTableCell.h; sourceTree = "<group>"; };
		DBFD4E3C23FFE50F00C1A472 /* XYPhotoBottomPreviewCell.m */ = {isa = PBXFileReference; fileEncoding = 4; lastKnownFileType = sourcecode.c.objc; path = XYPhotoBottomPreviewCell.m; sourceTree = "<group>"; };
		DBFD4E3D23FFE50F00C1A472 /* XYPhotoSelectedAssetPreviewView.h */ = {isa = PBXFileReference; fileEncoding = 4; lastKnownFileType = sourcecode.c.h; path = XYPhotoSelectedAssetPreviewView.h; sourceTree = "<group>"; };
		DBFD4E3E23FFE50F00C1A472 /* XYPhotoCameraOverlayView.h */ = {isa = PBXFileReference; fileEncoding = 4; lastKnownFileType = sourcecode.c.h; path = XYPhotoCameraOverlayView.h; sourceTree = "<group>"; };
		DBFD4E3F23FFE50F00C1A472 /* XYPhotoBottomPreviewCell.h */ = {isa = PBXFileReference; fileEncoding = 4; lastKnownFileType = sourcecode.c.h; path = XYPhotoBottomPreviewCell.h; sourceTree = "<group>"; };
		DBFD4E4023FFE50F00C1A472 /* XYPhotoHorizontalScrollItemView.h */ = {isa = PBXFileReference; fileEncoding = 4; lastKnownFileType = sourcecode.c.h; path = XYPhotoHorizontalScrollItemView.h; sourceTree = "<group>"; };
		DBFD4E4123FFE51000C1A472 /* XYPhotoPreviewOverlayView.m */ = {isa = PBXFileReference; fileEncoding = 4; lastKnownFileType = sourcecode.c.objc; path = XYPhotoPreviewOverlayView.m; sourceTree = "<group>"; };
		DBFD4E4223FFE51000C1A472 /* XYPhotoCollectionViewCell.h */ = {isa = PBXFileReference; fileEncoding = 4; lastKnownFileType = sourcecode.c.h; path = XYPhotoCollectionViewCell.h; sourceTree = "<group>"; };
		DBFD4E4323FFE51000C1A472 /* XYPhotoHorizontalScrollItemView.m */ = {isa = PBXFileReference; fileEncoding = 4; lastKnownFileType = sourcecode.c.objc; path = XYPhotoHorizontalScrollItemView.m; sourceTree = "<group>"; };
		DBFD4E4423FFE51000C1A472 /* XYPhotoCollectionViewCell.m */ = {isa = PBXFileReference; fileEncoding = 4; lastKnownFileType = sourcecode.c.objc; path = XYPhotoCollectionViewCell.m; sourceTree = "<group>"; };
		DBFD4E4523FFE51000C1A472 /* XYPhotoSelectedAssetPreviewView.m */ = {isa = PBXFileReference; fileEncoding = 4; lastKnownFileType = sourcecode.c.objc; path = XYPhotoSelectedAssetPreviewView.m; sourceTree = "<group>"; };
		DBFD4E4623FFE51000C1A472 /* XYPhotoTableCell.m */ = {isa = PBXFileReference; fileEncoding = 4; lastKnownFileType = sourcecode.c.objc; path = XYPhotoTableCell.m; sourceTree = "<group>"; };
		DBFD4E4723FFE51000C1A472 /* XYPhotoHorizontalScrollView.h */ = {isa = PBXFileReference; fileEncoding = 4; lastKnownFileType = sourcecode.c.h; path = XYPhotoHorizontalScrollView.h; sourceTree = "<group>"; };
		DBFD4E4823FFE51000C1A472 /* XYPhotoCameraOverlayView.m */ = {isa = PBXFileReference; fileEncoding = 4; lastKnownFileType = sourcecode.c.objc; path = XYPhotoCameraOverlayView.m; sourceTree = "<group>"; };
		DBFD4E4923FFE51000C1A472 /* XYPhotoPreviewOverlayView.h */ = {isa = PBXFileReference; fileEncoding = 4; lastKnownFileType = sourcecode.c.h; path = XYPhotoPreviewOverlayView.h; sourceTree = "<group>"; };
		DBFD4E4A23FFE51000C1A472 /* XYPhotoHorizontalScrollView.m */ = {isa = PBXFileReference; fileEncoding = 4; lastKnownFileType = sourcecode.c.objc; path = XYPhotoHorizontalScrollView.m; sourceTree = "<group>"; };
/* End PBXFileReference section */

/* Begin PBXFrameworksBuildPhase section */
		651B29601F6EC1730085BCE3 /* Frameworks */ = {
			isa = PBXFrameworksBuildPhase;
			buildActionMask = 2147483647;
			files = (
			);
			runOnlyForDeploymentPostprocessing = 0;
		};
/* End PBXFrameworksBuildPhase section */

/* Begin PBXGroup section */
		651B295A1F6EC1730085BCE3 = {
			isa = PBXGroup;
			children = (
				658075031F6EDB62002408A5 /* XYPhotoKit */,
				651B29651F6EC1730085BCE3 /* XYPhotoKitDemo */,
				651B29641F6EC1730085BCE3 /* Products */,
			);
			sourceTree = "<group>";
		};
		651B29641F6EC1730085BCE3 /* Products */ = {
			isa = PBXGroup;
			children = (
				651B29631F6EC1730085BCE3 /* XYPhotoKitDemo.app */,
			);
			name = Products;
			sourceTree = "<group>";
		};
		651B29651F6EC1730085BCE3 /* XYPhotoKitDemo */ = {
			isa = PBXGroup;
			children = (
				651B29661F6EC1730085BCE3 /* AppDelegate.h */,
				651B29671F6EC1730085BCE3 /* AppDelegate.m */,
				DBFD4E3823FFDAC000C1A472 /* XYDemoCollectionViewCell.h */,
				DBFD4E3723FFDABF00C1A472 /* XYDemoCollectionViewCell.m */,
				DBFD4E3623FFDABF00C1A472 /* RootViewController.h */,
				DBFD4E3523FFDABF00C1A472 /* RootViewController.m */,
				651B296C1F6EC1730085BCE3 /* Main.storyboard */,
				651B296F1F6EC1730085BCE3 /* Assets.xcassets */,
				651B29711F6EC1730085BCE3 /* LaunchScreen.storyboard */,
				651B29741F6EC1730085BCE3 /* Info.plist */,
				651B29751F6EC1730085BCE3 /* main.m */,
			);
			path = XYPhotoKitDemo;
			sourceTree = "<group>";
		};
		658075031F6EDB62002408A5 /* XYPhotoKit */ = {
			isa = PBXGroup;
			children = (
				658075041F6EDB62002408A5 /* XYPhotoCollectionFlowLayout.h */,
				658075051F6EDB62002408A5 /* XYPhotoCollectionFlowLayout.m */,
				658075061F6EDB62002408A5 /* XYPhotoDataCategory.h */,
				658075071F6EDB62002408A5 /* XYPhotoDataCategory.m */,
				658075081F6EDB62002408A5 /* XYPhotoKitHelper.h */,
				658075091F6EDB62002408A5 /* XYPhotoKitHelper.m */,
				6580750A1F6EDB62002408A5 /* XYPhotoSelectedAssetManager.h */,
				6580750B1F6EDB62002408A5 /* XYPhotoSelectedAssetManager.m */,
				6580750C1F6EDB62002408A5 /* XYPhotoKit.bundle */,
				6580750D1F6EDB62002408A5 /* DataSources */,
				658075121F6EDB62002408A5 /* ViewControllers */,
				6580751F1F6EDB62002408A5 /* Views */,
			);
			name = XYPhotoKit;
			path = ../XYPhotoKit;
			sourceTree = "<group>";
		};
		6580750D1F6EDB62002408A5 /* DataSources */ = {
			isa = PBXGroup;
			children = (
				6580750E1F6EDB62002408A5 /* XYPhotoCollectionDataSource.h */,
				6580750F1F6EDB62002408A5 /* XYPhotoCollectionDataSource.m */,
				658075101F6EDB62002408A5 /* XYPhotoTableDataSource.h */,
				658075111F6EDB62002408A5 /* XYPhotoTableDataSource.m */,
			);
			path = DataSources;
			sourceTree = "<group>";
		};
		658075121F6EDB62002408A5 /* ViewControllers */ = {
			isa = PBXGroup;
			children = (
				658075131F6EDB62002408A5 /* XYPhotoAlbumDetailController.h */,
				658075141F6EDB62002408A5 /* XYPhotoAlbumDetailController.m */,
				658075151F6EDB62002408A5 /* XYPhotoAlbumListController.h */,
				658075161F6EDB62002408A5 /* XYPhotoAlbumListController.m */,
				658075171F6EDB62002408A5 /* XYPhotoCameraController.h */,
				658075181F6EDB62002408A5 /* XYPhotoCameraController.m */,
				658075191F6EDB62002408A5 /* XYPhotoMultiCameraPicker.h */,
				6580751A1F6EDB62002408A5 /* XYPhotoMultiCameraPicker.m */,
				6580751B1F6EDB62002408A5 /* XYPhotoMultiImagePicker.h */,
				6580751C1F6EDB62002408A5 /* XYPhotoMultiImagePicker.m */,
				6580751D1F6EDB62002408A5 /* XYPhotoPreviewViewController.h */,
				6580751E1F6EDB62002408A5 /* XYPhotoPreviewViewController.m */,
			);
			path = ViewControllers;
			sourceTree = "<group>";
		};
		6580751F1F6EDB62002408A5 /* Views */ = {
			isa = PBXGroup;
			children = (
				DBFD4E3F23FFE50F00C1A472 /* XYPhotoBottomPreviewCell.h */,
				DBFD4E3C23FFE50F00C1A472 /* XYPhotoBottomPreviewCell.m */,
				DBFD4E3E23FFE50F00C1A472 /* XYPhotoCameraOverlayView.h */,
				DBFD4E4823FFE51000C1A472 /* XYPhotoCameraOverlayView.m */,
				DBFD4E4223FFE51000C1A472 /* XYPhotoCollectionViewCell.h */,
				DBFD4E4423FFE51000C1A472 /* XYPhotoCollectionViewCell.m */,
				DBFD4E4023FFE50F00C1A472 /* XYPhotoHorizontalScrollItemView.h */,
				DBFD4E4323FFE51000C1A472 /* XYPhotoHorizontalScrollItemView.m */,
				DBFD4E4723FFE51000C1A472 /* XYPhotoHorizontalScrollView.h */,
				DBFD4E4A23FFE51000C1A472 /* XYPhotoHorizontalScrollView.m */,
				DBFD4E4923FFE51000C1A472 /* XYPhotoPreviewOverlayView.h */,
				DBFD4E4123FFE51000C1A472 /* XYPhotoPreviewOverlayView.m */,
				DBFD4E3D23FFE50F00C1A472 /* XYPhotoSelectedAssetPreviewView.h */,
				DBFD4E4523FFE51000C1A472 /* XYPhotoSelectedAssetPreviewView.m */,
				DBFD4E3B23FFE50F00C1A472 /* XYPhotoTableCell.h */,
				DBFD4E4623FFE51000C1A472 /* XYPhotoTableCell.m */,
			);
			path = Views;
			sourceTree = "<group>";
		};
/* End PBXGroup section */

/* Begin PBXNativeTarget section */
		651B29621F6EC1730085BCE3 /* XYPhotoKitDemo */ = {
			isa = PBXNativeTarget;
			buildConfigurationList = 651B29791F6EC1730085BCE3 /* Build configuration list for PBXNativeTarget "XYPhotoKitDemo" */;
			buildPhases = (
				651B295F1F6EC1730085BCE3 /* Sources */,
				651B29601F6EC1730085BCE3 /* Frameworks */,
				651B29611F6EC1730085BCE3 /* Resources */,
			);
			buildRules = (
			);
			dependencies = (
			);
			name = XYPhotoKitDemo;
			productName = XYPhotoKitDemo;
			productReference = 651B29631F6EC1730085BCE3 /* XYPhotoKitDemo.app */;
			productType = "com.apple.product-type.application";
		};
/* End PBXNativeTarget section */

/* Begin PBXProject section */
		651B295B1F6EC1730085BCE3 /* Project object */ = {
			isa = PBXProject;
			attributes = {
				LastUpgradeCheck = 1130;
				ORGANIZATIONNAME = Daniel;
				TargetAttributes = {
					651B29621F6EC1730085BCE3 = {
						CreatedOnToolsVersion = 9.0;
						ProvisioningStyle = Automatic;
					};
				};
			};
			buildConfigurationList = 651B295E1F6EC1730085BCE3 /* Build configuration list for PBXProject "XYPhotoKitDemo" */;
			compatibilityVersion = "Xcode 8.0";
			developmentRegion = en;
			hasScannedForEncodings = 0;
			knownRegions = (
				en,
				Base,
			);
			mainGroup = 651B295A1F6EC1730085BCE3;
			productRefGroup = 651B29641F6EC1730085BCE3 /* Products */;
			projectDirPath = "";
			projectRoot = "";
			targets = (
				651B29621F6EC1730085BCE3 /* XYPhotoKitDemo */,
			);
		};
/* End PBXProject section */

/* Begin PBXResourcesBuildPhase section */
		651B29611F6EC1730085BCE3 /* Resources */ = {
			isa = PBXResourcesBuildPhase;
			buildActionMask = 2147483647;
			files = (
				651B29731F6EC1730085BCE3 /* LaunchScreen.storyboard in Resources */,
				651B29701F6EC1730085BCE3 /* Assets.xcassets in Resources */,
				658075341F6EDB62002408A5 /* XYPhotoKit.bundle in Resources */,
				651B296E1F6EC1730085BCE3 /* Main.storyboard in Resources */,
			);
			runOnlyForDeploymentPostprocessing = 0;
		};
/* End PBXResourcesBuildPhase section */

/* Begin PBXSourcesBuildPhase section */
		651B295F1F6EC1730085BCE3 /* Sources */ = {
			isa = PBXSourcesBuildPhase;
			buildActionMask = 2147483647;
			files = (
				DBFD4E5123FFE51000C1A472 /* XYPhotoCameraOverlayView.m in Sources */,
				6580753B1F6EDB62002408A5 /* XYPhotoMultiImagePicker.m in Sources */,
				DBFD4E3A23FFDAC000C1A472 /* XYDemoCollectionViewCell.m in Sources */,
				658075381F6EDB62002408A5 /* XYPhotoAlbumListController.m in Sources */,
				6580753C1F6EDB62002408A5 /* XYPhotoPreviewViewController.m in Sources */,
				DBFD4E5223FFE51000C1A472 /* XYPhotoHorizontalScrollView.m in Sources */,
				651B29761F6EC1730085BCE3 /* main.m in Sources */,
				658075361F6EDB62002408A5 /* XYPhotoTableDataSource.m in Sources */,
				DBFD4E4B23FFE51000C1A472 /* XYPhotoBottomPreviewCell.m in Sources */,
				658075321F6EDB62002408A5 /* XYPhotoKitHelper.m in Sources */,
				DBFD4E4E23FFE51000C1A472 /* XYPhotoCollectionViewCell.m in Sources */,
				658075311F6EDB62002408A5 /* XYPhotoDataCategory.m in Sources */,
				658075351F6EDB62002408A5 /* XYPhotoCollectionDataSource.m in Sources */,
				DBFD4E3923FFDAC000C1A472 /* RootViewController.m in Sources */,
				658075331F6EDB62002408A5 /* XYPhotoSelectedAssetManager.m in Sources */,
				658075301F6EDB62002408A5 /* XYPhotoCollectionFlowLayout.m in Sources */,
				DBFD4E4F23FFE51000C1A472 /* XYPhotoSelectedAssetPreviewView.m in Sources */,
				658075371F6EDB62002408A5 /* XYPhotoAlbumDetailController.m in Sources */,
				DBFD4E4C23FFE51000C1A472 /* XYPhotoPreviewOverlayView.m in Sources */,
				651B29681F6EC1730085BCE3 /* AppDelegate.m in Sources */,
				DBFD4E4D23FFE51000C1A472 /* XYPhotoHorizontalScrollItemView.m in Sources */,
				658075391F6EDB62002408A5 /* XYPhotoCameraController.m in Sources */,
				DBFD4E5023FFE51000C1A472 /* XYPhotoTableCell.m in Sources */,
				6580753A1F6EDB62002408A5 /* XYPhotoMultiCameraPicker.m in Sources */,
			);
			runOnlyForDeploymentPostprocessing = 0;
		};
/* End PBXSourcesBuildPhase section */

/* Begin PBXVariantGroup section */
		651B296C1F6EC1730085BCE3 /* Main.storyboard */ = {
			isa = PBXVariantGroup;
			children = (
				651B296D1F6EC1730085BCE3 /* Base */,
			);
			name = Main.storyboard;
			sourceTree = "<group>";
		};
		651B29711F6EC1730085BCE3 /* LaunchScreen.storyboard */ = {
			isa = PBXVariantGroup;
			children = (
				651B29721F6EC1730085BCE3 /* Base */,
			);
			name = LaunchScreen.storyboard;
			sourceTree = "<group>";
		};
/* End PBXVariantGroup section */

/* Begin XCBuildConfiguration section */
		651B29771F6EC1730085BCE3 /* Debug */ = {
			isa = XCBuildConfiguration;
			buildSettings = {
				ALWAYS_SEARCH_USER_PATHS = NO;
				CLANG_ANALYZER_NONNULL = YES;
				CLANG_ANALYZER_NUMBER_OBJECT_CONVERSION = YES_AGGRESSIVE;
				CLANG_CXX_LANGUAGE_STANDARD = "gnu++14";
				CLANG_CXX_LIBRARY = "libc++";
				CLANG_ENABLE_MODULES = YES;
				CLANG_ENABLE_OBJC_ARC = YES;
				CLANG_WARN_BLOCK_CAPTURE_AUTORELEASING = YES;
				CLANG_WARN_BOOL_CONVERSION = YES;
				CLANG_WARN_COMMA = YES;
				CLANG_WARN_CONSTANT_CONVERSION = YES;
				CLANG_WARN_DEPRECATED_OBJC_IMPLEMENTATIONS = YES;
				CLANG_WARN_DIRECT_OBJC_ISA_USAGE = YES_ERROR;
				CLANG_WARN_DOCUMENTATION_COMMENTS = YES;
				CLANG_WARN_EMPTY_BODY = YES;
				CLANG_WARN_ENUM_CONVERSION = YES;
				CLANG_WARN_INFINITE_RECURSION = YES;
				CLANG_WARN_INT_CONVERSION = YES;
				CLANG_WARN_NON_LITERAL_NULL_CONVERSION = YES;
				CLANG_WARN_OBJC_IMPLICIT_RETAIN_SELF = YES;
				CLANG_WARN_OBJC_LITERAL_CONVERSION = YES;
				CLANG_WARN_OBJC_ROOT_CLASS = YES_ERROR;
				CLANG_WARN_RANGE_LOOP_ANALYSIS = YES;
				CLANG_WARN_STRICT_PROTOTYPES = YES;
				CLANG_WARN_SUSPICIOUS_MOVE = YES;
				CLANG_WARN_UNGUARDED_AVAILABILITY = YES_AGGRESSIVE;
				CLANG_WARN_UNREACHABLE_CODE = YES;
				CLANG_WARN__DUPLICATE_METHOD_MATCH = YES;
				CODE_SIGN_IDENTITY = "iPhone Developer";
				COPY_PHASE_STRIP = NO;
				DEBUG_INFORMATION_FORMAT = dwarf;
				ENABLE_STRICT_OBJC_MSGSEND = YES;
				ENABLE_TESTABILITY = YES;
				GCC_C_LANGUAGE_STANDARD = gnu11;
				GCC_DYNAMIC_NO_PIC = NO;
				GCC_NO_COMMON_BLOCKS = YES;
				GCC_OPTIMIZATION_LEVEL = 0;
				GCC_PREPROCESSOR_DEFINITIONS = (
					"DEBUG=1",
					"$(inherited)",
				);
				GCC_WARN_64_TO_32_BIT_CONVERSION = YES;
				GCC_WARN_ABOUT_RETURN_TYPE = YES_ERROR;
				GCC_WARN_UNDECLARED_SELECTOR = YES;
				GCC_WARN_UNINITIALIZED_AUTOS = YES_AGGRESSIVE;
				GCC_WARN_UNUSED_FUNCTION = YES;
				GCC_WARN_UNUSED_VARIABLE = YES;
				IPHONEOS_DEPLOYMENT_TARGET = 11.0;
				MTL_ENABLE_DEBUG_INFO = YES;
				ONLY_ACTIVE_ARCH = YES;
				SDKROOT = iphoneos;
			};
			name = Debug;
		};
		651B29781F6EC1730085BCE3 /* Release */ = {
			isa = XCBuildConfiguration;
			buildSettings = {
				ALWAYS_SEARCH_USER_PATHS = NO;
				CLANG_ANALYZER_NONNULL = YES;
				CLANG_ANALYZER_NUMBER_OBJECT_CONVERSION = YES_AGGRESSIVE;
				CLANG_CXX_LANGUAGE_STANDARD = "gnu++14";
				CLANG_CXX_LIBRARY = "libc++";
				CLANG_ENABLE_MODULES = YES;
				CLANG_ENABLE_OBJC_ARC = YES;
				CLANG_WARN_BLOCK_CAPTURE_AUTORELEASING = YES;
				CLANG_WARN_BOOL_CONVERSION = YES;
				CLANG_WARN_COMMA = YES;
				CLANG_WARN_CONSTANT_CONVERSION = YES;
				CLANG_WARN_DEPRECATED_OBJC_IMPLEMENTATIONS = YES;
				CLANG_WARN_DIRECT_OBJC_ISA_USAGE = YES_ERROR;
				CLANG_WARN_DOCUMENTATION_COMMENTS = YES;
				CLANG_WARN_EMPTY_BODY = YES;
				CLANG_WARN_ENUM_CONVERSION = YES;
				CLANG_WARN_INFINITE_RECURSION = YES;
				CLANG_WARN_INT_CONVERSION = YES;
				CLANG_WARN_NON_LITERAL_NULL_CONVERSION = YES;
				CLANG_WARN_OBJC_IMPLICIT_RETAIN_SELF = YES;
				CLANG_WARN_OBJC_LITERAL_CONVERSION = YES;
				CLANG_WARN_OBJC_ROOT_CLASS = YES_ERROR;
				CLANG_WARN_RANGE_LOOP_ANALYSIS = YES;
				CLANG_WARN_STRICT_PROTOTYPES = YES;
				CLANG_WARN_SUSPICIOUS_MOVE = YES;
				CLANG_WARN_UNGUARDED_AVAILABILITY = YES_AGGRESSIVE;
				CLANG_WARN_UNREACHABLE_CODE = YES;
				CLANG_WARN__DUPLICATE_METHOD_MATCH = YES;
				CODE_SIGN_IDENTITY = "iPhone Developer";
				COPY_PHASE_STRIP = NO;
				DEBUG_INFORMATION_FORMAT = "dwarf-with-dsym";
				ENABLE_NS_ASSERTIONS = NO;
				ENABLE_STRICT_OBJC_MSGSEND = YES;
				GCC_C_LANGUAGE_STANDARD = gnu11;
				GCC_NO_COMMON_BLOCKS = YES;
				GCC_WARN_64_TO_32_BIT_CONVERSION = YES;
				GCC_WARN_ABOUT_RETURN_TYPE = YES_ERROR;
				GCC_WARN_UNDECLARED_SELECTOR = YES;
				GCC_WARN_UNINITIALIZED_AUTOS = YES_AGGRESSIVE;
				GCC_WARN_UNUSED_FUNCTION = YES;
				GCC_WARN_UNUSED_VARIABLE = YES;
				IPHONEOS_DEPLOYMENT_TARGET = 11.0;
				MTL_ENABLE_DEBUG_INFO = NO;
				SDKROOT = iphoneos;
				VALIDATE_PRODUCT = YES;
			};
			name = Release;
		};
		651B297A1F6EC1730085BCE3 /* Debug */ = {
			isa = XCBuildConfiguration;
			buildSettings = {
				ASSETCATALOG_COMPILER_APPICON_NAME = AppIcon;
				CODE_SIGN_IDENTITY = "Apple Development";
				CODE_SIGN_STYLE = Automatic;
				DEVELOPMENT_TEAM = M932RC5J66;
				INFOPLIST_FILE = XYPhotoKitDemo/Info.plist;
				IPHONEOS_DEPLOYMENT_TARGET = 11.0;
				LD_RUNPATH_SEARCH_PATHS = "$(inherited) @executable_path/Frameworks";
				PRODUCT_BUNDLE_IDENTIFIER = com.xcodeyang.XYPhotoKitDemo;
				PRODUCT_NAME = "$(TARGET_NAME)";
				PROVISIONING_PROFILE = "";
				PROVISIONING_PROFILE_SPECIFIER = "";
				TARGETED_DEVICE_FAMILY = "1,2";
			};
			name = Debug;
		};
		651B297B1F6EC1730085BCE3 /* Release */ = {
			isa = XCBuildConfiguration;
			buildSettings = {
				ASSETCATALOG_COMPILER_APPICON_NAME = AppIcon;
				CODE_SIGN_IDENTITY = "Apple Development";
				CODE_SIGN_STYLE = Automatic;
				DEVELOPMENT_TEAM = M932RC5J66;
				INFOPLIST_FILE = XYPhotoKitDemo/Info.plist;
				IPHONEOS_DEPLOYMENT_TARGET = 11.0;
				LD_RUNPATH_SEARCH_PATHS = "$(inherited) @executable_path/Frameworks";
				PRODUCT_BUNDLE_IDENTIFIER = com.xcodeyang.XYPhotoKitDemo;
				PRODUCT_NAME = "$(TARGET_NAME)";
				PROVISIONING_PROFILE = "";
				PROVISIONING_PROFILE_SPECIFIER = "";
				TARGETED_DEVICE_FAMILY = "1,2";
			};
			name = Release;
		};
/* End XCBuildConfiguration section */

/* Begin XCConfigurationList section */
		651B295E1F6EC1730085BCE3 /* Build configuration list for PBXProject "XYPhotoKitDemo" */ = {
			isa = XCConfigurationList;
			buildConfigurations = (
				651B29771F6EC1730085BCE3 /* Debug */,
				651B29781F6EC1730085BCE3 /* Release */,
			);
			defaultConfigurationIsVisible = 0;
			defaultConfigurationName = Release;
		};
		651B29791F6EC1730085BCE3 /* Build configuration list for PBXNativeTarget "XYPhotoKitDemo" */ = {
			isa = XCConfigurationList;
			buildConfigurations = (
				651B297A1F6EC1730085BCE3 /* Debug */,
				651B297B1F6EC1730085BCE3 /* Release */,
			);
			defaultConfigurationIsVisible = 0;
			defaultConfigurationName = Release;
		};
/* End XCConfigurationList section */
	};
	rootObject = 651B295B1F6EC1730085BCE3 /* Project object */;
}
